
Microsoft Visual Studio Solution File, Format Version 12.00
# Visual Studio Version 16
VisualStudioVersion = 16.0.35026.282
MinimumVisualStudioVersion = 10.0.40219.1
Project("{8BC9CEB8-8B4A-11D0-8D11-00A0C91BC942}") = "Bai1", "Bai1\Bai1.vcxproj", "{D46B23DA-A7E9-42C4-83DF-CE4C73F048C1}"
EndProject
Project("{8BC9CEB8-8B4A-11D0-8D11-00A0C91BC942}") = "Bai2", "Bai2\Bai2.vcxproj", "{922E1B72-2706-4A62-8878-91E692E13D2A}"
EndProject
Project("{8BC9CEB8-8B4A-11D0-8D11-00A0C91BC942}") = "Bai3", "Bai3\Bai3.vcxproj", "{1C6EBF53-F2A1-49D3-B150-8839F2D06CA3}"
EndProject
Project("{8BC9CEB8-8B4A-11D0-8D11-00A0C91BC942}") = "Bai4", "Bai4\Bai4.vcxproj", "{FBFC4A95-D974-4243-A9B6-F28120FDFA95}"
EndProject
Project("{8BC9CEB8-8B4A-11D0-8D11-00A0C91BC942}") = "Bai5", "Bai5\Bai5.vcxproj", "{3AD61463-396A-4DA2-92E5-4544A0CE83DC}"
EndProject
Project("{8BC9CEB8-8B4A-11D0-8D11-00A0C91BC942}") = "Bai6", "Bai6\Bai6.vcxproj", "{013FD9EF-7BD3-4311-BBFA-7B312B70CBED}"
EndProject
Project("{8BC9CEB8-8B4A-11D0-8D11-00A0C91BC942}") = "Bai7", "Bai7\Bai7.vcxproj", "{FAF41168-DF52-4A48-8A65-314D7BB68967}"
EndProject
Global
	GlobalSection(SolutionConfigurationPlatforms) = preSolution
		Debug|x64 = Debug|x64
		Debug|x86 = Debug|x86
		Release|x64 = Release|x64
		Release|x86 = Release|x86
	EndGlobalSection
	GlobalSection(ProjectConfigurationPlatforms) = postSolution
		{D46B23DA-A7E9-42C4-83DF-CE4C73F048C1}.Debug|x64.ActiveCfg = Debug|x64
		{D46B23DA-A7E9-42C4-83DF-CE4C73F048C1}.Debug|x64.Build.0 = Debug|x64
		{D46B23DA-A7E9-42C4-83DF-CE4C73F048C1}.Debug|x86.ActiveCfg = Debug|Win32
		{D46B23DA-A7E9-42C4-83DF-CE4C73F048C1}.Debug|x86.Build.0 = Debug|Win32
		{D46B23DA-A7E9-42C4-83DF-CE4C73F048C1}.Release|x64.ActiveCfg = Release|x64
		{D46B23DA-A7E9-42C4-83DF-CE4C73F048C1}.Release|x64.Build.0 = Release|x64
		{D46B23DA-A7E9-42C4-83DF-CE4C73F048C1}.Release|x86.ActiveCfg = Release|Win32
		{D46B23DA-A7E9-42C4-83DF-CE4C73F048C1}.Release|x86.Build.0 = Release|Win32
		{922E1B72-2706-4A62-8878-91E692E13D2A}.Debug|x64.ActiveCfg = Debug|x64
		{922E1B72-2706-4A62-8878-91E692E13D2A}.Debug|x64.Build.0 = Debug|x64
		{922E1B72-2706-4A62-8878-91E692E13D2A}.Debug|x86.ActiveCfg = Debug|Win32
		{922E1B72-2706-4A62-8878-91E692E13D2A}.Debug|x86.Build.0 = Debug|Win32
		{922E1B72-2706-4A62-8878-91E692E13D2A}.Release|x64.ActiveCfg = Release|x64
		{922E1B72-2706-4A62-8878-91E692E13D2A}.Release|x64.Build.0 = Release|x64
		{922E1B72-2706-4A62-8878-91E692E13D2A}.Release|x86.ActiveCfg = Release|Win32
		{922E1B72-2706-4A62-8878-91E692E13D2A}.Release|x86.Build.0 = Release|Win32
		{1C6EBF53-F2A1-49D3-B150-8839F2D06CA3}.Debug|x64.ActiveCfg = Debug|x64
		{1C6EBF53-F2A1-49D3-B150-8839F2D06CA3}.Debug|x64.Build.0 = Debug|x64
		{1C6EBF53-F2A1-49D3-B150-8839F2D06CA3}.Debug|x86.ActiveCfg = Debug|Win32
		{1C6EBF53-F2A1-49D3-B150-8839F2D06CA3}.Debug|x86.Build.0 = Debug|Win32
		{1C6EBF53-F2A1-49D3-B150-8839F2D06CA3}.Release|x64.ActiveCfg = Release|x64
		{1C6EBF53-F2A1-49D3-B150-8839F2D06CA3}.Release|x64.Build.0 = Release|x64
		{1C6EBF53-F2A1-49D3-B150-8839F2D06CA3}.Release|x86.ActiveCfg = Release|Win32
		{1C6EBF53-F2A1-49D3-B150-8839F2D06CA3}.Release|x86.Build.0 = Release|Win32
		{FBFC4A95-D974-4243-A9B6-F28120FDFA95}.Debug|x64.ActiveCfg = Debug|x64
		{FBFC4A95-D974-4243-A9B6-F28120FDFA95}.Debug|x64.Build.0 = Debug|x64
		{FBFC4A95-D974-4243-A9B6-F28120FDFA95}.Debug|x86.ActiveCfg = Debug|Win32
		{FBFC4A95-D974-4243-A9B6-F28120FDFA95}.Debug|x86.Build.0 = Debug|Win32
		{FBFC4A95-D974-4243-A9B6-F28120FDFA95}.Release|x64.ActiveCfg = Release|x64
		{FBFC4A95-D974-4243-A9B6-F28120FDFA95}.Release|x64.Build.0 = Release|x64
		{FBFC4A95-D974-4243-A9B6-F28120FDFA95}.Release|x86.ActiveCfg = Release|Win32
		{FBFC4A95-D974-4243-A9B6-F28120FDFA95}.Release|x86.Build.0 = Release|Win32
		{3AD61463-396A-4DA2-92E5-4544A0CE83DC}.Debug|x64.ActiveCfg = Debug|x64
		{3AD61463-396A-4DA2-92E5-4544A0CE83DC}.Debug|x64.Build.0 = Debug|x64
		{3AD61463-396A-4DA2-92E5-4544A0CE83DC}.Debug|x86.ActiveCfg = Debug|Win32
		{3AD61463-396A-4DA2-92E5-4544A0CE83DC}.Debug|x86.Build.0 = Debug|Win32
		{3AD61463-396A-4DA2-92E5-4544A0CE83DC}.Release|x64.ActiveCfg = Release|x64
		{3AD61463-396A-4DA2-92E5-4544A0CE83DC}.Release|x64.Build.0 = Release|x64
		{3AD61463-396A-4DA2-92E5-4544A0CE83DC}.Release|x86.ActiveCfg = Release|Win32
		{3AD61463-396A-4DA2-92E5-4544A0CE83DC}.Release|x86.Build.0 = Release|Win32
		{013FD9EF-7BD3-4311-BBFA-7B312B70CBED}.Debug|x64.ActiveCfg = Debug|x64
		{013FD9EF-7BD3-4311-BBFA-7B312B70CBED}.Debug|x64.Build.0 = Debug|x64
		{013FD9EF-7BD3-4311-BBFA-7B312B70CBED}.Debug|x86.ActiveCfg = Debug|Win32
		{013FD9EF-7BD3-4311-BBFA-7B312B70CBED}.Debug|x86.Build.0 = Debug|Win32
		{013FD9EF-7BD3-4311-BBFA-7B312B70CBED}.Release|x64.ActiveCfg = Release|x64
		{013FD9EF-7BD3-4311-BBFA-7B312B70CBED}.Release|x64.Build.0 = Release|x64
		{013FD9EF-7BD3-4311-BBFA-7B312B70CBED}.Release|x86.ActiveCfg = Release|Win32
		{013FD9EF-7BD3-4311-BBFA-7B312B70CBED}.Release|x86.Build.0 = Release|Win32
		{FAF41168-DF52-4A48-8A65-314D7BB68967}.Debug|x64.ActiveCfg = Debug|x64
		{FAF41168-DF52-4A48-8A65-314D7BB68967}.Debug|x64.Build.0 = Debug|x64
		{FAF41168-DF52-4A48-8A65-314D7BB68967}.Debug|x86.ActiveCfg = Debug|Win32
		{FAF41168-DF52-4A48-8A65-314D7BB68967}.Debug|x86.Build.0 = Debug|Win32
		{FAF41168-DF52-4A48-8A65-314D7BB68967}.Release|x64.ActiveCfg = Release|x64
		{FAF41168-DF52-4A48-8A65-314D7BB68967}.Release|x64.Build.0 = Release|x64
		{FAF41168-DF52-4A48-8A65-314D7BB68967}.Release|x86.ActiveCfg = Release|Win32
		{FAF41168-DF52-4A48-8A65-314D7BB68967}.Release|x86.Build.0 = Release|Win32
	EndGlobalSection
	GlobalSection(SolutionProperties) = preSolution
		HideSolutionNode = FALSE
	EndGlobalSection
	GlobalSection(ExtensibilityGlobals) = postSolution
		SolutionGuid = {CD784E11-850E-4029-99D1-CC747F1CC6C2}
	EndGlobalSection
EndGlobal
